// !$*UTF8*$!
{
	archiveVersion = 1;
	classes = {
	};
	objectVersion = 55;
	objects = {

/* Begin PBXBuildFile section */
		2E0E5D01241CF9F900A71A90 /* EZLayoutProxy.swift in Sources */ = {isa = PBXBuildFile; fileRef = 2E0E5D00241CF9F900A71A90 /* EZLayoutProxy.swift */; };
		2E0E5D04241CFA3900A71A90 /* EZLayoutProperty.swift in Sources */ = {isa = PBXBuildFile; fileRef = 2E0E5D03241CFA3900A71A90 /* EZLayoutProperty.swift */; };
		2E0E5D07241CFA6900A71A90 /* UIView+EZLayout.swift in Sources */ = {isa = PBXBuildFile; fileRef = 2E0E5D06241CFA6900A71A90 /* UIView+EZLayout.swift */; };
		2E0E5D0A241CFB0400A71A90 /* NSLayout+EZLayout.swift in Sources */ = {isa = PBXBuildFile; fileRef = 2E0E5D09241CFB0400A71A90 /* NSLayout+EZLayout.swift */; };
		2E0E5D0D241CFDF800A71A90 /* EZLayout+Global.swift in Sources */ = {isa = PBXBuildFile; fileRef = 2E0E5D0C241CFDF800A71A90 /* EZLayout+Global.swift */; };
		2E0E5D1A241D516200A71A90 /* EZScrollViewController.swift in Sources */ = {isa = PBXBuildFile; fileRef = 2E0E5D19241D516200A71A90 /* EZScrollViewController.swift */; };
		2E42807D240B113B00F2CB22 /* EZColor.swift in Sources */ = {isa = PBXBuildFile; fileRef = 2E42807C240B113B00F2CB22 /* EZColor.swift */; };
		2E9AFBEF23E50E1F004E988D /* EZUI.framework in Frameworks */ = {isa = PBXBuildFile; fileRef = 2E9AFBE523E50E1F004E988D /* EZUI.framework */; };
		2E9AFBF423E50E1F004E988D /* EZUITests.swift in Sources */ = {isa = PBXBuildFile; fileRef = 2E9AFBF323E50E1F004E988D /* EZUITests.swift */; };
		2E9AFBF623E50E1F004E988D /* EZUI.h in Headers */ = {isa = PBXBuildFile; fileRef = 2E9AFBE823E50E1F004E988D /* EZUI.h */; settings = {ATTRIBUTES = (Public, ); }; };
		2E9AFC0323E5E6D4004E988D /* UIView+Layer.swift in Sources */ = {isa = PBXBuildFile; fileRef = 2E9AFC0223E5E6D4004E988D /* UIView+Layer.swift */; };
		2E9AFC0423E5E6D4004E988D /* UIView+Layer.swift in Sources */ = {isa = PBXBuildFile; fileRef = 2E9AFC0223E5E6D4004E988D /* UIView+Layer.swift */; };
		2E9AFC5B23E6394A004E988D /* EZViewController.swift in Sources */ = {isa = PBXBuildFile; fileRef = 2E9AFC5A23E6394A004E988D /* EZViewController.swift */; };
		2E9AFC6223E63E5F004E988D /* EZTableViewCell.swift in Sources */ = {isa = PBXBuildFile; fileRef = 2E9AFC6123E63E5F004E988D /* EZTableViewCell.swift */; };
		2E9AFC6423E63F5E004E988D /* EZTableView.swift in Sources */ = {isa = PBXBuildFile; fileRef = 2E9AFC6323E63F5E004E988D /* EZTableView.swift */; };
		2EA21E25241735C2009F69EC /* EZLayoutAnchor.swift in Sources */ = {isa = PBXBuildFile; fileRef = 2EA21E24241735C1009F69EC /* EZLayoutAnchor.swift */; };
		6518DF812A4CB3E6002BE3C6 /* EZTextView.swift in Sources */ = {isa = PBXBuildFile; fileRef = 6518DF802A4CB3E6002BE3C6 /* EZTextView.swift */; };
		652739B5257B3061007EE34F /* EZStackView.swift in Sources */ = {isa = PBXBuildFile; fileRef = 652739B4257B3061007EE34F /* EZStackView.swift */; };
		652992F8257AF91300A5E2B8 /* EZControl.swift in Sources */ = {isa = PBXBuildFile; fileRef = 652992F7257AF91300A5E2B8 /* EZControl.swift */; };
		652992FE257AF9EE00A5E2B8 /* EZSelectionControl.swift in Sources */ = {isa = PBXBuildFile; fileRef = 652992FD257AF9EE00A5E2B8 /* EZSelectionControl.swift */; };
		65334EB82A473AEC00B044A5 /* UIBarButtonItem+Extensions.swift in Sources */ = {isa = PBXBuildFile; fileRef = 65334EB72A473AEC00B044A5 /* UIBarButtonItem+Extensions.swift */; };
		654A89712A469029008B9ADD /* String+Extensions.swift in Sources */ = {isa = PBXBuildFile; fileRef = 654A89702A469029008B9ADD /* String+Extensions.swift */; };
		65546717289FF7B60097A569 /* EZLabel.swift in Sources */ = {isa = PBXBuildFile; fileRef = 65546716289FF7B60097A569 /* EZLabel.swift */; };
		65546720289FF8190097A569 /* EZFont.swift in Sources */ = {isa = PBXBuildFile; fileRef = 6554671F289FF8190097A569 /* EZFont.swift */; };
		65546724289FFBC40097A569 /* EZLabel+Defaults.swift in Sources */ = {isa = PBXBuildFile; fileRef = 65546723289FFBC40097A569 /* EZLabel+Defaults.swift */; };
		6584C92824BA15CB00E18CA2 /* EZView.swift in Sources */ = {isa = PBXBuildFile; fileRef = 6584C92724BA15CB00E18CA2 /* EZView.swift */; };
		65893A1329EDF6F500D04EF7 /* EZCollectionView.swift in Sources */ = {isa = PBXBuildFile; fileRef = 65893A1229EDF6F500D04EF7 /* EZCollectionView.swift */; };
		65893A1529EDF6FE00D04EF7 /* EZCollectionViewCell.swift in Sources */ = {isa = PBXBuildFile; fileRef = 65893A1429EDF6FE00D04EF7 /* EZCollectionViewCell.swift */; };
		659DA8E22A549388001127D1 /* EZCoordinatorProtocol.swift in Sources */ = {isa = PBXBuildFile; fileRef = 659DA8E12A549388001127D1 /* EZCoordinatorProtocol.swift */; };
		65A3AB972A390B3D001437C6 /* UIColor+Hex.swift in Sources */ = {isa = PBXBuildFile; fileRef = 65A3AB962A390B3D001437C6 /* UIColor+Hex.swift */; };
		65B9150B257AFC7C009655FB /* EZTextField.swift in Sources */ = {isa = PBXBuildFile; fileRef = 65B9150A257AFC7C009655FB /* EZTextField.swift */; };
		65B91511257AFE4B009655FB /* EZVisualEffect.swift in Sources */ = {isa = PBXBuildFile; fileRef = 65B91510257AFE4B009655FB /* EZVisualEffect.swift */; };
		65C423462A5B014900B593D4 /* EZTableViewHeaderFooterView.swift in Sources */ = {isa = PBXBuildFile; fileRef = 65C423452A5B014900B593D4 /* EZTableViewHeaderFooterView.swift */; };
		65D1FDB32A37CA610083A4E3 /* EZDefaultTextField.swift in Sources */ = {isa = PBXBuildFile; fileRef = 65D1FDB22A37CA610083A4E3 /* EZDefaultTextField.swift */; };
/* End PBXBuildFile section */

/* Begin PBXContainerItemProxy section */
		2E9AFBF023E50E1F004E988D /* PBXContainerItemProxy */ = {
			isa = PBXContainerItemProxy;
			containerPortal = 2E9AFBDC23E50E1F004E988D /* Project object */;
			proxyType = 1;
			remoteGlobalIDString = 2E9AFBE423E50E1F004E988D;
			remoteInfo = EZUI;
		};
/* End PBXContainerItemProxy section */

/* Begin PBXFileReference section */
		2E0E5D00241CF9F900A71A90 /* EZLayoutProxy.swift */ = {isa = PBXFileReference; lastKnownFileType = sourcecode.swift; path = EZLayoutProxy.swift; sourceTree = "<group>"; };
		2E0E5D03241CFA3900A71A90 /* EZLayoutProperty.swift */ = {isa = PBXFileReference; lastKnownFileType = sourcecode.swift; path = EZLayoutProperty.swift; sourceTree = "<group>"; };
		2E0E5D06241CFA6900A71A90 /* UIView+EZLayout.swift */ = {isa = PBXFileReference; lastKnownFileType = sourcecode.swift; path = "UIView+EZLayout.swift"; sourceTree = "<group>"; };
		2E0E5D09241CFB0400A71A90 /* NSLayout+EZLayout.swift */ = {isa = PBXFileReference; lastKnownFileType = sourcecode.swift; path = "NSLayout+EZLayout.swift"; sourceTree = "<group>"; };
		2E0E5D0C241CFDF800A71A90 /* EZLayout+Global.swift */ = {isa = PBXFileReference; lastKnownFileType = sourcecode.swift; path = "EZLayout+Global.swift"; sourceTree = "<group>"; };
		2E0E5D19241D516200A71A90 /* EZScrollViewController.swift */ = {isa = PBXFileReference; lastKnownFileType = sourcecode.swift; path = EZScrollViewController.swift; sourceTree = "<group>"; };
		2E42807C240B113B00F2CB22 /* EZColor.swift */ = {isa = PBXFileReference; lastKnownFileType = sourcecode.swift; path = EZColor.swift; sourceTree = "<group>"; };
		2E9AFBE523E50E1F004E988D /* EZUI.framework */ = {isa = PBXFileReference; explicitFileType = wrapper.framework; includeInIndex = 0; path = EZUI.framework; sourceTree = BUILT_PRODUCTS_DIR; };
		2E9AFBE823E50E1F004E988D /* EZUI.h */ = {isa = PBXFileReference; lastKnownFileType = sourcecode.c.h; path = EZUI.h; sourceTree = "<group>"; };
		2E9AFBE923E50E1F004E988D /* Info.plist */ = {isa = PBXFileReference; lastKnownFileType = text.plist.xml; path = Info.plist; sourceTree = "<group>"; };
		2E9AFBEE23E50E1F004E988D /* EZUITests.xctest */ = {isa = PBXFileReference; explicitFileType = wrapper.cfbundle; includeInIndex = 0; path = EZUITests.xctest; sourceTree = BUILT_PRODUCTS_DIR; };
		2E9AFBF323E50E1F004E988D /* EZUITests.swift */ = {isa = PBXFileReference; lastKnownFileType = sourcecode.swift; path = EZUITests.swift; sourceTree = "<group>"; };
		2E9AFBF523E50E1F004E988D /* Info.plist */ = {isa = PBXFileReference; lastKnownFileType = text.plist.xml; path = Info.plist; sourceTree = "<group>"; };
		2E9AFC0223E5E6D4004E988D /* UIView+Layer.swift */ = {isa = PBXFileReference; lastKnownFileType = sourcecode.swift; path = "UIView+Layer.swift"; sourceTree = "<group>"; };
		2E9AFC5A23E6394A004E988D /* EZViewController.swift */ = {isa = PBXFileReference; lastKnownFileType = sourcecode.swift; path = EZViewController.swift; sourceTree = "<group>"; };
		2E9AFC6123E63E5F004E988D /* EZTableViewCell.swift */ = {isa = PBXFileReference; lastKnownFileType = sourcecode.swift; path = EZTableViewCell.swift; sourceTree = "<group>"; };
		2E9AFC6323E63F5E004E988D /* EZTableView.swift */ = {isa = PBXFileReference; lastKnownFileType = sourcecode.swift; path = EZTableView.swift; sourceTree = "<group>"; };
		2EA21E24241735C1009F69EC /* EZLayoutAnchor.swift */ = {isa = PBXFileReference; fileEncoding = 4; lastKnownFileType = sourcecode.swift; path = EZLayoutAnchor.swift; sourceTree = "<group>"; };
		6518DF802A4CB3E6002BE3C6 /* EZTextView.swift */ = {isa = PBXFileReference; lastKnownFileType = sourcecode.swift; path = EZTextView.swift; sourceTree = "<group>"; };
		652739B4257B3061007EE34F /* EZStackView.swift */ = {isa = PBXFileReference; lastKnownFileType = sourcecode.swift; path = EZStackView.swift; sourceTree = "<group>"; };
		652992F7257AF91300A5E2B8 /* EZControl.swift */ = {isa = PBXFileReference; lastKnownFileType = sourcecode.swift; path = EZControl.swift; sourceTree = "<group>"; };
		652992FD257AF9EE00A5E2B8 /* EZSelectionControl.swift */ = {isa = PBXFileReference; lastKnownFileType = sourcecode.swift; path = EZSelectionControl.swift; sourceTree = "<group>"; };
		65334EB72A473AEC00B044A5 /* UIBarButtonItem+Extensions.swift */ = {isa = PBXFileReference; fileEncoding = 4; lastKnownFileType = sourcecode.swift; path = "UIBarButtonItem+Extensions.swift"; sourceTree = "<group>"; };
		654A89702A469029008B9ADD /* String+Extensions.swift */ = {isa = PBXFileReference; lastKnownFileType = sourcecode.swift; path = "String+Extensions.swift"; sourceTree = "<group>"; };
		65546716289FF7B60097A569 /* EZLabel.swift */ = {isa = PBXFileReference; lastKnownFileType = sourcecode.swift; path = EZLabel.swift; sourceTree = "<group>"; };
		6554671F289FF8190097A569 /* EZFont.swift */ = {isa = PBXFileReference; lastKnownFileType = sourcecode.swift; path = EZFont.swift; sourceTree = "<group>"; };
		65546723289FFBC40097A569 /* EZLabel+Defaults.swift */ = {isa = PBXFileReference; lastKnownFileType = sourcecode.swift; path = "EZLabel+Defaults.swift"; sourceTree = "<group>"; };
		6584C92724BA15CB00E18CA2 /* EZView.swift */ = {isa = PBXFileReference; lastKnownFileType = sourcecode.swift; path = EZView.swift; sourceTree = "<group>"; };
		65893A1229EDF6F500D04EF7 /* EZCollectionView.swift */ = {isa = PBXFileReference; lastKnownFileType = sourcecode.swift; path = EZCollectionView.swift; sourceTree = "<group>"; };
		65893A1429EDF6FE00D04EF7 /* EZCollectionViewCell.swift */ = {isa = PBXFileReference; lastKnownFileType = sourcecode.swift; path = EZCollectionViewCell.swift; sourceTree = "<group>"; };
		659DA8E12A549388001127D1 /* EZCoordinatorProtocol.swift */ = {isa = PBXFileReference; lastKnownFileType = sourcecode.swift; path = EZCoordinatorProtocol.swift; sourceTree = "<group>"; };
		65A3AB962A390B3D001437C6 /* UIColor+Hex.swift */ = {isa = PBXFileReference; lastKnownFileType = sourcecode.swift; path = "UIColor+Hex.swift"; sourceTree = "<group>"; };
		65B9150A257AFC7C009655FB /* EZTextField.swift */ = {isa = PBXFileReference; lastKnownFileType = sourcecode.swift; path = EZTextField.swift; sourceTree = "<group>"; };
		65B91510257AFE4B009655FB /* EZVisualEffect.swift */ = {isa = PBXFileReference; lastKnownFileType = sourcecode.swift; path = EZVisualEffect.swift; sourceTree = "<group>"; };
		65C423452A5B014900B593D4 /* EZTableViewHeaderFooterView.swift */ = {isa = PBXFileReference; lastKnownFileType = sourcecode.swift; path = EZTableViewHeaderFooterView.swift; sourceTree = "<group>"; };
		65D1FDB22A37CA610083A4E3 /* EZDefaultTextField.swift */ = {isa = PBXFileReference; lastKnownFileType = sourcecode.swift; path = EZDefaultTextField.swift; sourceTree = "<group>"; };
/* End PBXFileReference section */

/* Begin PBXFrameworksBuildPhase section */
		2E9AFBE223E50E1F004E988D /* Frameworks */ = {
			isa = PBXFrameworksBuildPhase;
			buildActionMask = 2147483647;
			files = (
			);
			runOnlyForDeploymentPostprocessing = 0;
		};
		2E9AFBEB23E50E1F004E988D /* Frameworks */ = {
			isa = PBXFrameworksBuildPhase;
			buildActionMask = 2147483647;
			files = (
				2E9AFBEF23E50E1F004E988D /* EZUI.framework in Frameworks */,
			);
			runOnlyForDeploymentPostprocessing = 0;
		};
/* End PBXFrameworksBuildPhase section */

/* Begin PBXGroup section */
		2E0E5CFF241CF98F00A71A90 /* Layout */ = {
			isa = PBXGroup;
			children = (
				2EA21E24241735C1009F69EC /* EZLayoutAnchor.swift */,
				2E0E5D00241CF9F900A71A90 /* EZLayoutProxy.swift */,
				2E0E5D03241CFA3900A71A90 /* EZLayoutProperty.swift */,
				2E0E5D0C241CFDF800A71A90 /* EZLayout+Global.swift */,
				2E0E5D09241CFB0400A71A90 /* NSLayout+EZLayout.swift */,
				2E0E5D06241CFA6900A71A90 /* UIView+EZLayout.swift */,
			);
			path = Layout;
			sourceTree = "<group>";
		};
		2E9AFBDB23E50E1F004E988D = {
			isa = PBXGroup;
			children = (
				2E9AFBE723E50E1F004E988D /* EZUI */,
				2E9AFBF223E50E1F004E988D /* EZUITests */,
				2E9AFBE623E50E1F004E988D /* Products */,
			);
			sourceTree = "<group>";
		};
		2E9AFBE623E50E1F004E988D /* Products */ = {
			isa = PBXGroup;
			children = (
				2E9AFBE523E50E1F004E988D /* EZUI.framework */,
				2E9AFBEE23E50E1F004E988D /* EZUITests.xctest */,
			);
			name = Products;
			sourceTree = "<group>";
		};
		2E9AFBE723E50E1F004E988D /* EZUI */ = {
			isa = PBXGroup;
			children = (
				659DA8E02A549377001127D1 /* Coordinator */,
				2ED89479241C648000BB1258 /* Framework */,
				65DB348E257AF2FA00779A03 /* Extensions */,
				2E0E5CFF241CF98F00A71A90 /* Layout */,
				65DB348F257AF31000779A03 /* Styles */,
				2E9AFC5C23E639C2004E988D /* Components */,
			);
			path = EZUI;
			sourceTree = "<group>";
		};
		2E9AFBF223E50E1F004E988D /* EZUITests */ = {
			isa = PBXGroup;
			children = (
				2E9AFBF323E50E1F004E988D /* EZUITests.swift */,
				2E9AFBF523E50E1F004E988D /* Info.plist */,
			);
			path = EZUITests;
			sourceTree = "<group>";
		};
		2E9AFC5923E63934004E988D /* ViewController */ = {
			isa = PBXGroup;
			children = (
				2E9AFC5A23E6394A004E988D /* EZViewController.swift */,
				2E0E5D19241D516200A71A90 /* EZScrollViewController.swift */,
			);
			path = ViewController;
			sourceTree = "<group>";
		};
		2E9AFC5C23E639C2004E988D /* Components */ = {
			isa = PBXGroup;
			children = (
				652739B4257B3061007EE34F /* EZStackView.swift */,
				6584C92724BA15CB00E18CA2 /* EZView.swift */,
				65893A1129EDF6E400D04EF7 /* CollectionView */,
				652992F6257AF90400A5E2B8 /* Controls */,
				6554671E289FF80E0097A569 /* Label */,
				2E9AFC6523E63F64004E988D /* TableView */,
				2E9AFC5923E63934004E988D /* ViewController */,
			);
			path = Components;
			sourceTree = "<group>";
		};
		2E9AFC6523E63F64004E988D /* TableView */ = {
			isa = PBXGroup;
			children = (
				2E9AFC6323E63F5E004E988D /* EZTableView.swift */,
				2E9AFC6123E63E5F004E988D /* EZTableViewCell.swift */,
				65C423452A5B014900B593D4 /* EZTableViewHeaderFooterView.swift */,
			);
			path = TableView;
			sourceTree = "<group>";
		};
		2ED89479241C648000BB1258 /* Framework */ = {
			isa = PBXGroup;
			children = (
				2E9AFBE823E50E1F004E988D /* EZUI.h */,
				2E9AFBE923E50E1F004E988D /* Info.plist */,
			);
			path = Framework;
			sourceTree = "<group>";
		};
		652992F6257AF90400A5E2B8 /* Controls */ = {
			isa = PBXGroup;
			children = (
				652992F7257AF91300A5E2B8 /* EZControl.swift */,
				652992FD257AF9EE00A5E2B8 /* EZSelectionControl.swift */,
				65B91509257AFC42009655FB /* Input */,
			);
			path = Controls;
			sourceTree = "<group>";
		};
		6554671E289FF80E0097A569 /* Label */ = {
			isa = PBXGroup;
			children = (
				65546716289FF7B60097A569 /* EZLabel.swift */,
				65546723289FFBC40097A569 /* EZLabel+Defaults.swift */,
			);
			path = Label;
			sourceTree = "<group>";
		};
		65893A1129EDF6E400D04EF7 /* CollectionView */ = {
			isa = PBXGroup;
			children = (
				65893A1229EDF6F500D04EF7 /* EZCollectionView.swift */,
				65893A1429EDF6FE00D04EF7 /* EZCollectionViewCell.swift */,
			);
			path = CollectionView;
			sourceTree = "<group>";
		};
		659DA8E02A549377001127D1 /* Coordinator */ = {
			isa = PBXGroup;
			children = (
				659DA8E12A549388001127D1 /* EZCoordinatorProtocol.swift */,
			);
			path = Coordinator;
			sourceTree = "<group>";
		};
		65B91509257AFC42009655FB /* Input */ = {
			isa = PBXGroup;
			children = (
				65B9150A257AFC7C009655FB /* EZTextField.swift */,
				65D1FDB22A37CA610083A4E3 /* EZDefaultTextField.swift */,
				6518DF802A4CB3E6002BE3C6 /* EZTextView.swift */,
			);
			path = Input;
			sourceTree = "<group>";
		};
		65DB348E257AF2FA00779A03 /* Extensions */ = {
			isa = PBXGroup;
			children = (
				654A89702A469029008B9ADD /* String+Extensions.swift */,
				65334EB72A473AEC00B044A5 /* UIBarButtonItem+Extensions.swift */,
				65A3AB962A390B3D001437C6 /* UIColor+Hex.swift */,
				2E9AFC0223E5E6D4004E988D /* UIView+Layer.swift */,
			);
			path = Extensions;
			sourceTree = "<group>";
		};
		65DB348F257AF31000779A03 /* Styles */ = {
			isa = PBXGroup;
			children = (
				2E42807C240B113B00F2CB22 /* EZColor.swift */,
				6554671F289FF8190097A569 /* EZFont.swift */,
				65B91510257AFE4B009655FB /* EZVisualEffect.swift */,
			);
			path = Styles;
			sourceTree = "<group>";
		};
/* End PBXGroup section */

/* Begin PBXHeadersBuildPhase section */
		2E9AFBE023E50E1F004E988D /* Headers */ = {
			isa = PBXHeadersBuildPhase;
			buildActionMask = 2147483647;
			files = (
				2E9AFBF623E50E1F004E988D /* EZUI.h in Headers */,
			);
			runOnlyForDeploymentPostprocessing = 0;
		};
/* End PBXHeadersBuildPhase section */

/* Begin PBXNativeTarget section */
		2E9AFBE423E50E1F004E988D /* EZUI */ = {
			isa = PBXNativeTarget;
			buildConfigurationList = 2E9AFBF923E50E1F004E988D /* Build configuration list for PBXNativeTarget "EZUI" */;
			buildPhases = (
				2E9AFBE023E50E1F004E988D /* Headers */,
				2E9AFBE123E50E1F004E988D /* Sources */,
				2E9AFBE223E50E1F004E988D /* Frameworks */,
				2E9AFBE323E50E1F004E988D /* Resources */,
			);
			buildRules = (
			);
			dependencies = (
			);
			name = EZUI;
			productName = EZUI;
			productReference = 2E9AFBE523E50E1F004E988D /* EZUI.framework */;
			productType = "com.apple.product-type.framework";
		};
		2E9AFBED23E50E1F004E988D /* EZUITests */ = {
			isa = PBXNativeTarget;
			buildConfigurationList = 2E9AFBFC23E50E1F004E988D /* Build configuration list for PBXNativeTarget "EZUITests" */;
			buildPhases = (
				2E9AFBEA23E50E1F004E988D /* Sources */,
				2E9AFBEB23E50E1F004E988D /* Frameworks */,
				2E9AFBEC23E50E1F004E988D /* Resources */,
			);
			buildRules = (
			);
			dependencies = (
				2E9AFBF123E50E1F004E988D /* PBXTargetDependency */,
			);
			name = EZUITests;
			productName = EZUITests;
			productReference = 2E9AFBEE23E50E1F004E988D /* EZUITests.xctest */;
			productType = "com.apple.product-type.bundle.unit-test";
		};
/* End PBXNativeTarget section */

/* Begin PBXProject section */
		2E9AFBDC23E50E1F004E988D /* Project object */ = {
			isa = PBXProject;
			attributes = {
				BuildIndependentTargetsInParallel = YES;
				LastSwiftUpdateCheck = 1130;
				LastUpgradeCheck = 1430;
				ORGANIZATIONNAME = "Augusto Avelino";
				TargetAttributes = {
					2E9AFBE423E50E1F004E988D = {
						CreatedOnToolsVersion = 11.3;
						LastSwiftMigration = 1130;
					};
					2E9AFBED23E50E1F004E988D = {
						CreatedOnToolsVersion = 11.3;
					};
				};
			};
			buildConfigurationList = 2E9AFBDF23E50E1F004E988D /* Build configuration list for PBXProject "EZUI" */;
			compatibilityVersion = "Xcode 13.0";
			developmentRegion = en;
			hasScannedForEncodings = 0;
			knownRegions = (
				en,
				Base,
			);
			mainGroup = 2E9AFBDB23E50E1F004E988D;
			productRefGroup = 2E9AFBE623E50E1F004E988D /* Products */;
			projectDirPath = "";
			projectRoot = "";
			targets = (
				2E9AFBE423E50E1F004E988D /* EZUI */,
				2E9AFBED23E50E1F004E988D /* EZUITests */,
			);
		};
/* End PBXProject section */

/* Begin PBXResourcesBuildPhase section */
		2E9AFBE323E50E1F004E988D /* Resources */ = {
			isa = PBXResourcesBuildPhase;
			buildActionMask = 2147483647;
			files = (
			);
			runOnlyForDeploymentPostprocessing = 0;
		};
		2E9AFBEC23E50E1F004E988D /* Resources */ = {
			isa = PBXResourcesBuildPhase;
			buildActionMask = 2147483647;
			files = (
			);
			runOnlyForDeploymentPostprocessing = 0;
		};
/* End PBXResourcesBuildPhase section */

/* Begin PBXSourcesBuildPhase section */
		2E9AFBE123E50E1F004E988D /* Sources */ = {
			isa = PBXSourcesBuildPhase;
			buildActionMask = 2147483647;
			files = (
				65334EB82A473AEC00B044A5 /* UIBarButtonItem+Extensions.swift in Sources */,
				65D1FDB32A37CA610083A4E3 /* EZDefaultTextField.swift in Sources */,
				2E0E5D04241CFA3900A71A90 /* EZLayoutProperty.swift in Sources */,
				2E9AFC0323E5E6D4004E988D /* UIView+Layer.swift in Sources */,
				652739B5257B3061007EE34F /* EZStackView.swift in Sources */,
				2E9AFC5B23E6394A004E988D /* EZViewController.swift in Sources */,
				2E9AFC6223E63E5F004E988D /* EZTableViewCell.swift in Sources */,
				65893A1529EDF6FE00D04EF7 /* EZCollectionViewCell.swift in Sources */,
				65B9150B257AFC7C009655FB /* EZTextField.swift in Sources */,
				652992F8257AF91300A5E2B8 /* EZControl.swift in Sources */,
				65893A1329EDF6F500D04EF7 /* EZCollectionView.swift in Sources */,
				65B91511257AFE4B009655FB /* EZVisualEffect.swift in Sources */,
				2EA21E25241735C2009F69EC /* EZLayoutAnchor.swift in Sources */,
				2E0E5D0D241CFDF800A71A90 /* EZLayout+Global.swift in Sources */,
				2E42807D240B113B00F2CB22 /* EZColor.swift in Sources */,
				654A89712A469029008B9ADD /* String+Extensions.swift in Sources */,
				65546717289FF7B60097A569 /* EZLabel.swift in Sources */,
				2E0E5D07241CFA6900A71A90 /* UIView+EZLayout.swift in Sources */,
				65546720289FF8190097A569 /* EZFont.swift in Sources */,
				6584C92824BA15CB00E18CA2 /* EZView.swift in Sources */,
				2E9AFC6423E63F5E004E988D /* EZTableView.swift in Sources */,
				65A3AB972A390B3D001437C6 /* UIColor+Hex.swift in Sources */,
				659DA8E22A549388001127D1 /* EZCoordinatorProtocol.swift in Sources */,
				65C423462A5B014900B593D4 /* EZTableViewHeaderFooterView.swift in Sources */,
				652992FE257AF9EE00A5E2B8 /* EZSelectionControl.swift in Sources */,
				2E0E5D01241CF9F900A71A90 /* EZLayoutProxy.swift in Sources */,
				65546724289FFBC40097A569 /* EZLabel+Defaults.swift in Sources */,
				2E0E5D1A241D516200A71A90 /* EZScrollViewController.swift in Sources */,
				6518DF812A4CB3E6002BE3C6 /* EZTextView.swift in Sources */,
				2E0E5D0A241CFB0400A71A90 /* NSLayout+EZLayout.swift in Sources */,
			);
			runOnlyForDeploymentPostprocessing = 0;
		};
		2E9AFBEA23E50E1F004E988D /* Sources */ = {
			isa = PBXSourcesBuildPhase;
			buildActionMask = 2147483647;
			files = (
				2E9AFBF423E50E1F004E988D /* EZUITests.swift in Sources */,
				2E9AFC0423E5E6D4004E988D /* UIView+Layer.swift in Sources */,
			);
			runOnlyForDeploymentPostprocessing = 0;
		};
/* End PBXSourcesBuildPhase section */

/* Begin PBXTargetDependency section */
		2E9AFBF123E50E1F004E988D /* PBXTargetDependency */ = {
			isa = PBXTargetDependency;
			target = 2E9AFBE423E50E1F004E988D /* EZUI */;
			targetProxy = 2E9AFBF023E50E1F004E988D /* PBXContainerItemProxy */;
		};
/* End PBXTargetDependency section */

/* Begin XCBuildConfiguration section */
		2E9AFBF723E50E1F004E988D /* Debug */ = {
			isa = XCBuildConfiguration;
			buildSettings = {
				ALWAYS_SEARCH_USER_PATHS = NO;
				CLANG_ANALYZER_NONNULL = YES;
				CLANG_ANALYZER_NUMBER_OBJECT_CONVERSION = YES_AGGRESSIVE;
				CLANG_CXX_LANGUAGE_STANDARD = "gnu++14";
				CLANG_CXX_LIBRARY = "libc++";
				CLANG_ENABLE_MODULES = YES;
				CLANG_ENABLE_OBJC_ARC = YES;
				CLANG_ENABLE_OBJC_WEAK = YES;
				CLANG_WARN_BLOCK_CAPTURE_AUTORELEASING = YES;
				CLANG_WARN_BOOL_CONVERSION = YES;
				CLANG_WARN_COMMA = YES;
				CLANG_WARN_CONSTANT_CONVERSION = YES;
				CLANG_WARN_DEPRECATED_OBJC_IMPLEMENTATIONS = YES;
				CLANG_WARN_DIRECT_OBJC_ISA_USAGE = YES_ERROR;
				CLANG_WARN_DOCUMENTATION_COMMENTS = YES;
				CLANG_WARN_EMPTY_BODY = YES;
				CLANG_WARN_ENUM_CONVERSION = YES;
				CLANG_WARN_INFINITE_RECURSION = YES;
				CLANG_WARN_INT_CONVERSION = YES;
				CLANG_WARN_NON_LITERAL_NULL_CONVERSION = YES;
				CLANG_WARN_OBJC_IMPLICIT_RETAIN_SELF = YES;
				CLANG_WARN_OBJC_LITERAL_CONVERSION = YES;
				CLANG_WARN_OBJC_ROOT_CLASS = YES_ERROR;
				CLANG_WARN_QUOTED_INCLUDE_IN_FRAMEWORK_HEADER = YES;
				CLANG_WARN_RANGE_LOOP_ANALYSIS = YES;
				CLANG_WARN_STRICT_PROTOTYPES = YES;
				CLANG_WARN_SUSPICIOUS_MOVE = YES;
				CLANG_WARN_UNGUARDED_AVAILABILITY = YES_AGGRESSIVE;
				CLANG_WARN_UNREACHABLE_CODE = YES;
				CLANG_WARN__DUPLICATE_METHOD_MATCH = YES;
				COPY_PHASE_STRIP = NO;
				CURRENT_PROJECT_VERSION = 1;
				DEBUG_INFORMATION_FORMAT = dwarf;
				ENABLE_STRICT_OBJC_MSGSEND = YES;
				ENABLE_TESTABILITY = YES;
				GCC_C_LANGUAGE_STANDARD = gnu11;
				GCC_DYNAMIC_NO_PIC = NO;
				GCC_NO_COMMON_BLOCKS = YES;
				GCC_OPTIMIZATION_LEVEL = 0;
				GCC_PREPROCESSOR_DEFINITIONS = (
					"DEBUG=1",
					"$(inherited)",
				);
				GCC_WARN_64_TO_32_BIT_CONVERSION = YES;
				GCC_WARN_ABOUT_RETURN_TYPE = YES_ERROR;
				GCC_WARN_UNDECLARED_SELECTOR = YES;
				GCC_WARN_UNINITIALIZED_AUTOS = YES_AGGRESSIVE;
				GCC_WARN_UNUSED_FUNCTION = YES;
				GCC_WARN_UNUSED_VARIABLE = YES;
				IPHONEOS_DEPLOYMENT_TARGET = 13.2;
				MTL_ENABLE_DEBUG_INFO = INCLUDE_SOURCE;
				MTL_FAST_MATH = YES;
				ONLY_ACTIVE_ARCH = YES;
				SDKROOT = iphoneos;
				SWIFT_ACTIVE_COMPILATION_CONDITIONS = DEBUG;
				SWIFT_OPTIMIZATION_LEVEL = "-Onone";
				VERSIONING_SYSTEM = "apple-generic";
				VERSION_INFO_PREFIX = "";
			};
			name = Debug;
		};
		2E9AFBF823E50E1F004E988D /* Release */ = {
			isa = XCBuildConfiguration;
			buildSettings = {
				ALWAYS_SEARCH_USER_PATHS = NO;
				CLANG_ANALYZER_NONNULL = YES;
				CLANG_ANALYZER_NUMBER_OBJECT_CONVERSION = YES_AGGRESSIVE;
				CLANG_CXX_LANGUAGE_STANDARD = "gnu++14";
				CLANG_CXX_LIBRARY = "libc++";
				CLANG_ENABLE_MODULES = YES;
				CLANG_ENABLE_OBJC_ARC = YES;
				CLANG_ENABLE_OBJC_WEAK = YES;
				CLANG_WARN_BLOCK_CAPTURE_AUTORELEASING = YES;
				CLANG_WARN_BOOL_CONVERSION = YES;
				CLANG_WARN_COMMA = YES;
				CLANG_WARN_CONSTANT_CONVERSION = YES;
				CLANG_WARN_DEPRECATED_OBJC_IMPLEMENTATIONS = YES;
				CLANG_WARN_DIRECT_OBJC_ISA_USAGE = YES_ERROR;
				CLANG_WARN_DOCUMENTATION_COMMENTS = YES;
				CLANG_WARN_EMPTY_BODY = YES;
				CLANG_WARN_ENUM_CONVERSION = YES;
				CLANG_WARN_INFINITE_RECURSION = YES;
				CLANG_WARN_INT_CONVERSION = YES;
				CLANG_WARN_NON_LITERAL_NULL_CONVERSION = YES;
				CLANG_WARN_OBJC_IMPLICIT_RETAIN_SELF = YES;
				CLANG_WARN_OBJC_LITERAL_CONVERSION = YES;
				CLANG_WARN_OBJC_ROOT_CLASS = YES_ERROR;
				CLANG_WARN_QUOTED_INCLUDE_IN_FRAMEWORK_HEADER = YES;
				CLANG_WARN_RANGE_LOOP_ANALYSIS = YES;
				CLANG_WARN_STRICT_PROTOTYPES = YES;
				CLANG_WARN_SUSPICIOUS_MOVE = YES;
				CLANG_WARN_UNGUARDED_AVAILABILITY = YES_AGGRESSIVE;
				CLANG_WARN_UNREACHABLE_CODE = YES;
				CLANG_WARN__DUPLICATE_METHOD_MATCH = YES;
				COPY_PHASE_STRIP = NO;
				CURRENT_PROJECT_VERSION = 1;
				DEBUG_INFORMATION_FORMAT = "dwarf-with-dsym";
				ENABLE_NS_ASSERTIONS = NO;
				ENABLE_STRICT_OBJC_MSGSEND = YES;
				GCC_C_LANGUAGE_STANDARD = gnu11;
				GCC_NO_COMMON_BLOCKS = YES;
				GCC_WARN_64_TO_32_BIT_CONVERSION = YES;
				GCC_WARN_ABOUT_RETURN_TYPE = YES_ERROR;
				GCC_WARN_UNDECLARED_SELECTOR = YES;
				GCC_WARN_UNINITIALIZED_AUTOS = YES_AGGRESSIVE;
				GCC_WARN_UNUSED_FUNCTION = YES;
				GCC_WARN_UNUSED_VARIABLE = YES;
				IPHONEOS_DEPLOYMENT_TARGET = 13.2;
				MTL_ENABLE_DEBUG_INFO = NO;
				MTL_FAST_MATH = YES;
				SDKROOT = iphoneos;
				SWIFT_COMPILATION_MODE = wholemodule;
				SWIFT_OPTIMIZATION_LEVEL = "-O";
				VALIDATE_PRODUCT = YES;
				VERSIONING_SYSTEM = "apple-generic";
				VERSION_INFO_PREFIX = "";
			};
			name = Release;
		};
		2E9AFBFA23E50E1F004E988D /* Debug */ = {
			isa = XCBuildConfiguration;
			buildSettings = {
				BUILD_LIBRARY_FOR_DISTRIBUTION = YES;
				CLANG_ENABLE_MODULES = YES;
				CODE_SIGN_IDENTITY = "";
				CODE_SIGN_STYLE = Automatic;
				CURRENT_PROJECT_VERSION = 1;
				DEFINES_MODULE = YES;
				DEVELOPMENT_TEAM = 6QJFWMSLWU;
				DYLIB_COMPATIBILITY_VERSION = 1;
				DYLIB_CURRENT_VERSION = 1;
				DYLIB_INSTALL_NAME_BASE = "@rpath";
				ENABLE_MODULE_VERIFIER = YES;
				INFOPLIST_FILE = EZUI/Framework/Info.plist;
				INSTALL_PATH = "$(LOCAL_LIBRARY_DIR)/Frameworks";
				IPHONEOS_DEPLOYMENT_TARGET = 13.0;
				LD_RUNPATH_SEARCH_PATHS = (
					"$(inherited)",
					"@executable_path/Frameworks",
					"@loader_path/Frameworks",
				);
				MARKETING_VERSION = 1.3.0;
				MODULE_VERIFIER_SUPPORTED_LANGUAGES = "objective-c objective-c++";
				MODULE_VERIFIER_SUPPORTED_LANGUAGE_STANDARDS = "gnu11 gnu++14";
				PRODUCT_BUNDLE_IDENTIFIER = com.augustoavelino.EZUI;
				PRODUCT_NAME = "$(TARGET_NAME:c99extidentifier)";
				SKIP_INSTALL = NO;
				SUPPORTS_MACCATALYST = NO;
				SWIFT_OPTIMIZATION_LEVEL = "-Onone";
				SWIFT_VERSION = 5.0;
				TARGETED_DEVICE_FAMILY = "1,2";
			};
			name = Debug;
		};
		2E9AFBFB23E50E1F004E988D /* Release */ = {
			isa = XCBuildConfiguration;
			buildSettings = {
				BUILD_LIBRARY_FOR_DISTRIBUTION = YES;
				CLANG_ENABLE_MODULES = YES;
				CODE_SIGN_IDENTITY = "";
				CODE_SIGN_STYLE = Automatic;
				CURRENT_PROJECT_VERSION = 1;
				DEFINES_MODULE = YES;
				DEVELOPMENT_TEAM = 6QJFWMSLWU;
				DYLIB_COMPATIBILITY_VERSION = 1;
				DYLIB_CURRENT_VERSION = 1;
				DYLIB_INSTALL_NAME_BASE = "@rpath";
				ENABLE_MODULE_VERIFIER = YES;
				INFOPLIST_FILE = EZUI/Framework/Info.plist;
				INSTALL_PATH = "$(LOCAL_LIBRARY_DIR)/Frameworks";
				IPHONEOS_DEPLOYMENT_TARGET = 13.0;
				LD_RUNPATH_SEARCH_PATHS = (
					"$(inherited)",
					"@executable_path/Frameworks",
					"@loader_path/Frameworks",
				);
				MARKETING_VERSION = 1.3.0;
				MODULE_VERIFIER_SUPPORTED_LANGUAGES = "objective-c objective-c++";
				MODULE_VERIFIER_SUPPORTED_LANGUAGE_STANDARDS = "gnu11 gnu++14";
				PRODUCT_BUNDLE_IDENTIFIER = com.augustoavelino.EZUI;
				PRODUCT_NAME = "$(TARGET_NAME:c99extidentifier)";
				SKIP_INSTALL = NO;
				SUPPORTS_MACCATALYST = NO;
				SWIFT_VERSION = 5.0;
				TARGETED_DEVICE_FAMILY = "1,2";
			};
			name = Release;
		};
		2E9AFBFD23E50E1F004E988D /* Debug */ = {
			isa = XCBuildConfiguration;
			buildSettings = {
				ALWAYS_EMBED_SWIFT_STANDARD_LIBRARIES = YES;
				CODE_SIGN_STYLE = Automatic;
				DEVELOPMENT_TEAM = 6QJFWMSLWU;
				INFOPLIST_FILE = EZUITests/Info.plist;
				LD_RUNPATH_SEARCH_PATHS = (
					"$(inherited)",
					"@executable_path/Frameworks",
					"@loader_path/Frameworks",
				);
				PRODUCT_BUNDLE_IDENTIFIER = com.augustoavelino.EZUITests;
				PRODUCT_NAME = "$(TARGET_NAME)";
				SWIFT_VERSION = 5.0;
				TARGETED_DEVICE_FAMILY = "1,2";
			};
			name = Debug;
		};
		2E9AFBFE23E50E1F004E988D /* Release */ = {
			isa = XCBuildConfiguration;
			buildSettings = {
				ALWAYS_EMBED_SWIFT_STANDARD_LIBRARIES = YES;
				CODE_SIGN_STYLE = Automatic;
				DEVELOPMENT_TEAM = 6QJFWMSLWU;
				INFOPLIST_FILE = EZUITests/Info.plist;
				LD_RUNPATH_SEARCH_PATHS = (
					"$(inherited)",
					"@executable_path/Frameworks",
					"@loader_path/Frameworks",
				);
				PRODUCT_BUNDLE_IDENTIFIER = com.augustoavelino.EZUITests;
				PRODUCT_NAME = "$(TARGET_NAME)";
				SWIFT_VERSION = 5.0;
				TARGETED_DEVICE_FAMILY = "1,2";
			};
			name = Release;
		};
/* End XCBuildConfiguration section */

/* Begin XCConfigurationList section */
		2E9AFBDF23E50E1F004E988D /* Build configuration list for PBXProject "EZUI" */ = {
			isa = XCConfigurationList;
			buildConfigurations = (
				2E9AFBF723E50E1F004E988D /* Debug */,
				2E9AFBF823E50E1F004E988D /* Release */,
			);
			defaultConfigurationIsVisible = 0;
			defaultConfigurationName = Release;
		};
		2E9AFBF923E50E1F004E988D /* Build configuration list for PBXNativeTarget "EZUI" */ = {
			isa = XCConfigurationList;
			buildConfigurations = (
				2E9AFBFA23E50E1F004E988D /* Debug */,
				2E9AFBFB23E50E1F004E988D /* Release */,
			);
			defaultConfigurationIsVisible = 0;
			defaultConfigurationName = Release;
		};
		2E9AFBFC23E50E1F004E988D /* Build configuration list for PBXNativeTarget "EZUITests" */ = {
			isa = XCConfigurationList;
			buildConfigurations = (
				2E9AFBFD23E50E1F004E988D /* Debug */,
				2E9AFBFE23E50E1F004E988D /* Release */,
			);
			defaultConfigurationIsVisible = 0;
			defaultConfigurationName = Release;
		};
/* End XCConfigurationList section */
	};
	rootObject = 2E9AFBDC23E50E1F004E988D /* Project object */;
}
